github.com/dev-warrior777/go-monero v0.1.0 h1:86JJRiYNk2muLJFWM6kgb7qZh1gE/ETjvjHSW+3Rn5c=
github.com/dev-warrior777/go-monero v0.1.0/go.mod h1:DSf/k695WklA8lTl1EzqNLhtKP3BE3x5KU6tsPrXp4k=
golang.org/x/exp v0.0.0-20250506013437-ce4c2cf36ca6 h1:y5zboxd6LQAqYIhHnB48p0ByQ/GnQx2BE33L8BOHQkI=
golang.org/x/exp v0.0.0-20250506013437-ce4c2cf36ca6/go.mod h1:U6Lno4MTRCDY+Ba7aCcauB9T60gsv5s4ralQzP72ZoQ=
